
Microsoft Visual Studio Solution File, Format Version 12.00
# Visual Studio 15
VisualStudioVersion = 15.0.27703.2026
MinimumVisualStudioVersion = 10.0.40219.1
Project("{2150E333-8FDC-42A3-9474-1A3956D46DE8}") = "common", "common", "{36A663E5-1247-4659-9354-86F52BF71081}"
EndProject
Project("{2150E333-8FDC-42A3-9474-1A3956D46DE8}") = "models", "models", "{118AAF48-1C9C-4C39-B54C-700E63A0B626}"
EndProject
Project("{2150E333-8FDC-42A3-9474-1A3956D46DE8}") = "service", "service", "{6FD64523-C33B-4058-9DD9-0A2B6D7CCE84}"
EndProject
Project("{2150E333-8FDC-42A3-9474-1A3956D46DE8}") = "ui", "ui", "{DFE4288A-A939-4301-803F-7838BA548A53}"
EndProject
Project("{9A19103F-16F7-4668-BE54-9A1E7A4F7556}") = "hch.model", "models\hch.model\hch.model.csproj", "{8F765F0A-0803-415E-A274-112E2DEE00AD}"
EndProject
Project("{9A19103F-16F7-4668-BE54-9A1E7A4F7556}") = "hch.definition", "models\hch.definition\hch.definition.csproj", "{E1F697C2-6873-4584-AF94-4DFF3C32009E}"
EndProject
Project("{9A19103F-16F7-4668-BE54-9A1E7A4F7556}") = "hch.datainit", "models\hch.datainit\hch.datainit.csproj", "{E0B8A2B7-32AB-47AB-8539-15C37B551395}"
EndProject
Project("{9A19103F-16F7-4668-BE54-9A1E7A4F7556}") = "hch.webservice.api", "service\hch.webservice.api\hch.webservice.api.csproj", "{7FE73F6A-637E-4E59-B967-8B870B987328}"
EndProject
Project("{2150E333-8FDC-42A3-9474-1A3956D46DE8}") = "account", "account", "{A58BD52A-D0C3-40A9-8D23-F741B87224FF}"
EndProject
Project("{9A19103F-16F7-4668-BE54-9A1E7A4F7556}") = "hch.account.apis", "service\account\hch.account.apis\hch.account.apis.csproj", "{00B2D317-1AC9-4D16-98C8-BFED5C4303FC}"
EndProject
Project("{9A19103F-16F7-4668-BE54-9A1E7A4F7556}") = "hch.account.api.models", "service\account\hch.account.api.models\hch.account.api.models.csproj", "{F889080C-F209-4985-B20E-981515159D14}"
EndProject
Project("{9A19103F-16F7-4668-BE54-9A1E7A4F7556}") = "hch.account.ctrl", "service\account\hch.account.ctrl\hch.account.ctrl.csproj", "{E4B33AA2-3865-4BF5-AFA4-F60CA05883E1}"
EndProject
Project("{9A19103F-16F7-4668-BE54-9A1E7A4F7556}") = "hch.account.service", "service\account\hch.account.service\hch.account.service.csproj", "{D4010756-79C0-4D7B-B130-FED657A39E07}"
EndProject
Project("{2150E333-8FDC-42A3-9474-1A3956D46DE8}") = "dba", "dba", "{BB1B574A-CCE7-49D7-9BF5-352E241FF6A2}"
EndProject
Project("{2150E333-8FDC-42A3-9474-1A3956D46DE8}") = "dbs", "dbs", "{7EB60A35-3E55-4E9F-A959-D5D659CC6322}"
EndProject
Project("{9A19103F-16F7-4668-BE54-9A1E7A4F7556}") = "hch.account.dbs", "dbs\hch.account.dbs\hch.account.dbs.csproj", "{15D8CC7A-6BC3-42E9-B272-A0698BB16535}"
EndProject
Project("{9A19103F-16F7-4668-BE54-9A1E7A4F7556}") = "hch.webapiservice.factory", "common\hch.webapiservice.factory\hch.webapiservice.factory.csproj", "{EEA8E4D7-E8FD-424B-B501-DDADB52683BB}"
EndProject
Project("{9A19103F-16F7-4668-BE54-9A1E7A4F7556}") = "hch.global", "common\hch.global\hch.global.csproj", "{80C36FFE-4DB2-4A22-B3C7-1DE98AE26E6C}"
EndProject
Project("{9A19103F-16F7-4668-BE54-9A1E7A4F7556}") = "hch.enumextension", "common\hch.enumextension\hch.enumextension.csproj", "{A35D3332-740E-44AE-9A45-212AC93613C4}"
EndProject
Project("{2150E333-8FDC-42A3-9474-1A3956D46DE8}") = "car", "car", "{9E8B62BE-1AD6-4EBD-805F-0C7CFEC99427}"
EndProject
Project("{9A19103F-16F7-4668-BE54-9A1E7A4F7556}") = "hch.car.api.models", "service\car\hch.car.api.models\hch.car.api.models.csproj", "{CDA6FD0E-1221-489E-876E-30E9D88CE184}"
EndProject
Project("{9A19103F-16F7-4668-BE54-9A1E7A4F7556}") = "hch.car.apis", "service\car\hch.car.apis\hch.car.apis.csproj", "{D8A32F99-FD6B-47F2-A562-A06DA06241A0}"
EndProject
Project("{9A19103F-16F7-4668-BE54-9A1E7A4F7556}") = "hch.car.ctrl", "service\car\hch.car.ctrl\hch.car.ctrl.csproj", "{C7A84C47-B316-473A-9972-805ADC0A1731}"
EndProject
Project("{9A19103F-16F7-4668-BE54-9A1E7A4F7556}") = "hch.car.service", "service\car\hch.car.service\hch.car.service.csproj", "{0D21D00B-25EF-48A4-A103-142A2E36B523}"
EndProject
Project("{9A19103F-16F7-4668-BE54-9A1E7A4F7556}") = "hch.car.dbs", "dbs\hch.car.dbs\hch.car.dbs.csproj", "{2FC40415-9503-4374-8B1F-6BE698200F8D}"
EndProject
Project("{9A19103F-16F7-4668-BE54-9A1E7A4F7556}") = "hch.car.dba", "dba\hch.car.dba\hch.car.dba.csproj", "{C7B0798F-7D4E-420D-AAFC-7CA386D9FCB9}"
EndProject
Project("{9A19103F-16F7-4668-BE54-9A1E7A4F7556}") = "hch.account.dba", "dba\hch.account.dba\hch.account.dba.csproj", "{A5F9EE26-EB55-4688-B0EA-AEF59925CBD5}"
EndProject
Project("{2150E333-8FDC-42A3-9474-1A3956D46DE8}") = "frame", "frame", "{0B86CBE0-3DAC-4676-ADF3-82BD9C8D998F}"
EndProject
Project("{9A19103F-16F7-4668-BE54-9A1E7A4F7556}") = "hch.wechat.processor", "frame\hch.wechat.processor\hch.wechat.processor.csproj", "{6E362F1E-E6F3-40F8-9C47-73F1D47AE5D7}"
EndProject
Project("{9A19103F-16F7-4668-BE54-9A1E7A4F7556}") = "hch.files", "ui\hch.files\hch.files.csproj", "{E1585942-F764-41AE-A3EF-7056DE65472D}"
EndProject
Project("{9A19103F-16F7-4668-BE54-9A1E7A4F7556}") = "hch.frame.runtime", "frame\hch.frame.runtime\hch.frame.runtime.csproj", "{32B5CB35-5105-4CA8-B3D2-4C88E9980D8F}"
EndProject
Project("{FAE04EC0-301F-11D3-BF4B-00C04F79EFBC}") = "hch.ui", "ui\hch.ui\hch.ui.csproj", "{7C6CCA2D-0D0A-442A-B02E-9B1E2BBC45C2}"
EndProject
Global
	GlobalSection(SolutionConfigurationPlatforms) = preSolution
		Debug|Any CPU = Debug|Any CPU
		Release|Any CPU = Release|Any CPU
	EndGlobalSection
	GlobalSection(ProjectConfigurationPlatforms) = postSolution
		{8F765F0A-0803-415E-A274-112E2DEE00AD}.Debug|Any CPU.ActiveCfg = Debug|Any CPU
		{8F765F0A-0803-415E-A274-112E2DEE00AD}.Debug|Any CPU.Build.0 = Debug|Any CPU
		{8F765F0A-0803-415E-A274-112E2DEE00AD}.Release|Any CPU.ActiveCfg = Release|Any CPU
		{8F765F0A-0803-415E-A274-112E2DEE00AD}.Release|Any CPU.Build.0 = Release|Any CPU
		{E1F697C2-6873-4584-AF94-4DFF3C32009E}.Debug|Any CPU.ActiveCfg = Debug|Any CPU
		{E1F697C2-6873-4584-AF94-4DFF3C32009E}.Debug|Any CPU.Build.0 = Debug|Any CPU
		{E1F697C2-6873-4584-AF94-4DFF3C32009E}.Release|Any CPU.ActiveCfg = Release|Any CPU
		{E1F697C2-6873-4584-AF94-4DFF3C32009E}.Release|Any CPU.Build.0 = Release|Any CPU
		{E0B8A2B7-32AB-47AB-8539-15C37B551395}.Debug|Any CPU.ActiveCfg = Debug|Any CPU
		{E0B8A2B7-32AB-47AB-8539-15C37B551395}.Debug|Any CPU.Build.0 = Debug|Any CPU
		{E0B8A2B7-32AB-47AB-8539-15C37B551395}.Release|Any CPU.ActiveCfg = Release|Any CPU
		{E0B8A2B7-32AB-47AB-8539-15C37B551395}.Release|Any CPU.Build.0 = Release|Any CPU
		{7FE73F6A-637E-4E59-B967-8B870B987328}.Debug|Any CPU.ActiveCfg = Debug|Any CPU
		{7FE73F6A-637E-4E59-B967-8B870B987328}.Debug|Any CPU.Build.0 = Debug|Any CPU
		{7FE73F6A-637E-4E59-B967-8B870B987328}.Release|Any CPU.ActiveCfg = Release|Any CPU
		{7FE73F6A-637E-4E59-B967-8B870B987328}.Release|Any CPU.Build.0 = Release|Any CPU
		{00B2D317-1AC9-4D16-98C8-BFED5C4303FC}.Debug|Any CPU.ActiveCfg = Debug|Any CPU
		{00B2D317-1AC9-4D16-98C8-BFED5C4303FC}.Debug|Any CPU.Build.0 = Debug|Any CPU
		{00B2D317-1AC9-4D16-98C8-BFED5C4303FC}.Release|Any CPU.ActiveCfg = Release|Any CPU
		{00B2D317-1AC9-4D16-98C8-BFED5C4303FC}.Release|Any CPU.Build.0 = Release|Any CPU
		{F889080C-F209-4985-B20E-981515159D14}.Debug|Any CPU.ActiveCfg = Debug|Any CPU
		{F889080C-F209-4985-B20E-981515159D14}.Debug|Any CPU.Build.0 = Debug|Any CPU
		{F889080C-F209-4985-B20E-981515159D14}.Release|Any CPU.ActiveCfg = Release|Any CPU
		{F889080C-F209-4985-B20E-981515159D14}.Release|Any CPU.Build.0 = Release|Any CPU
		{E4B33AA2-3865-4BF5-AFA4-F60CA05883E1}.Debug|Any CPU.ActiveCfg = Debug|Any CPU
		{E4B33AA2-3865-4BF5-AFA4-F60CA05883E1}.Debug|Any CPU.Build.0 = Debug|Any CPU
		{E4B33AA2-3865-4BF5-AFA4-F60CA05883E1}.Release|Any CPU.ActiveCfg = Release|Any CPU
		{E4B33AA2-3865-4BF5-AFA4-F60CA05883E1}.Release|Any CPU.Build.0 = Release|Any CPU
		{D4010756-79C0-4D7B-B130-FED657A39E07}.Debug|Any CPU.ActiveCfg = Debug|Any CPU
		{D4010756-79C0-4D7B-B130-FED657A39E07}.Debug|Any CPU.Build.0 = Debug|Any CPU
		{D4010756-79C0-4D7B-B130-FED657A39E07}.Release|Any CPU.ActiveCfg = Release|Any CPU
		{D4010756-79C0-4D7B-B130-FED657A39E07}.Release|Any CPU.Build.0 = Release|Any CPU
		{15D8CC7A-6BC3-42E9-B272-A0698BB16535}.Debug|Any CPU.ActiveCfg = Debug|Any CPU
		{15D8CC7A-6BC3-42E9-B272-A0698BB16535}.Debug|Any CPU.Build.0 = Debug|Any CPU
		{15D8CC7A-6BC3-42E9-B272-A0698BB16535}.Release|Any CPU.ActiveCfg = Release|Any CPU
		{15D8CC7A-6BC3-42E9-B272-A0698BB16535}.Release|Any CPU.Build.0 = Release|Any CPU
		{EEA8E4D7-E8FD-424B-B501-DDADB52683BB}.Debug|Any CPU.ActiveCfg = Debug|Any CPU
		{EEA8E4D7-E8FD-424B-B501-DDADB52683BB}.Debug|Any CPU.Build.0 = Debug|Any CPU
		{EEA8E4D7-E8FD-424B-B501-DDADB52683BB}.Release|Any CPU.ActiveCfg = Release|Any CPU
		{EEA8E4D7-E8FD-424B-B501-DDADB52683BB}.Release|Any CPU.Build.0 = Release|Any CPU
		{80C36FFE-4DB2-4A22-B3C7-1DE98AE26E6C}.Debug|Any CPU.ActiveCfg = Debug|Any CPU
		{80C36FFE-4DB2-4A22-B3C7-1DE98AE26E6C}.Debug|Any CPU.Build.0 = Debug|Any CPU
		{80C36FFE-4DB2-4A22-B3C7-1DE98AE26E6C}.Release|Any CPU.ActiveCfg = Release|Any CPU
		{80C36FFE-4DB2-4A22-B3C7-1DE98AE26E6C}.Release|Any CPU.Build.0 = Release|Any CPU
		{A35D3332-740E-44AE-9A45-212AC93613C4}.Debug|Any CPU.ActiveCfg = Debug|Any CPU
		{A35D3332-740E-44AE-9A45-212AC93613C4}.Debug|Any CPU.Build.0 = Debug|Any CPU
		{A35D3332-740E-44AE-9A45-212AC93613C4}.Release|Any CPU.ActiveCfg = Release|Any CPU
		{A35D3332-740E-44AE-9A45-212AC93613C4}.Release|Any CPU.Build.0 = Release|Any CPU
		{CDA6FD0E-1221-489E-876E-30E9D88CE184}.Debug|Any CPU.ActiveCfg = Debug|Any CPU
		{CDA6FD0E-1221-489E-876E-30E9D88CE184}.Debug|Any CPU.Build.0 = Debug|Any CPU
		{CDA6FD0E-1221-489E-876E-30E9D88CE184}.Release|Any CPU.ActiveCfg = Release|Any CPU
		{CDA6FD0E-1221-489E-876E-30E9D88CE184}.Release|Any CPU.Build.0 = Release|Any CPU
		{D8A32F99-FD6B-47F2-A562-A06DA06241A0}.Debug|Any CPU.ActiveCfg = Debug|Any CPU
		{D8A32F99-FD6B-47F2-A562-A06DA06241A0}.Debug|Any CPU.Build.0 = Debug|Any CPU
		{D8A32F99-FD6B-47F2-A562-A06DA06241A0}.Release|Any CPU.ActiveCfg = Release|Any CPU
		{D8A32F99-FD6B-47F2-A562-A06DA06241A0}.Release|Any CPU.Build.0 = Release|Any CPU
		{C7A84C47-B316-473A-9972-805ADC0A1731}.Debug|Any CPU.ActiveCfg = Debug|Any CPU
		{C7A84C47-B316-473A-9972-805ADC0A1731}.Debug|Any CPU.Build.0 = Debug|Any CPU
		{C7A84C47-B316-473A-9972-805ADC0A1731}.Release|Any CPU.ActiveCfg = Release|Any CPU
		{C7A84C47-B316-473A-9972-805ADC0A1731}.Release|Any CPU.Build.0 = Release|Any CPU
		{0D21D00B-25EF-48A4-A103-142A2E36B523}.Debug|Any CPU.ActiveCfg = Debug|Any CPU
		{0D21D00B-25EF-48A4-A103-142A2E36B523}.Debug|Any CPU.Build.0 = Debug|Any CPU
		{0D21D00B-25EF-48A4-A103-142A2E36B523}.Release|Any CPU.ActiveCfg = Release|Any CPU
		{0D21D00B-25EF-48A4-A103-142A2E36B523}.Release|Any CPU.Build.0 = Release|Any CPU
		{2FC40415-9503-4374-8B1F-6BE698200F8D}.Debug|Any CPU.ActiveCfg = Debug|Any CPU
		{2FC40415-9503-4374-8B1F-6BE698200F8D}.Debug|Any CPU.Build.0 = Debug|Any CPU
		{2FC40415-9503-4374-8B1F-6BE698200F8D}.Release|Any CPU.ActiveCfg = Release|Any CPU
		{2FC40415-9503-4374-8B1F-6BE698200F8D}.Release|Any CPU.Build.0 = Release|Any CPU
		{C7B0798F-7D4E-420D-AAFC-7CA386D9FCB9}.Debug|Any CPU.ActiveCfg = Debug|Any CPU
		{C7B0798F-7D4E-420D-AAFC-7CA386D9FCB9}.Debug|Any CPU.Build.0 = Debug|Any CPU
		{C7B0798F-7D4E-420D-AAFC-7CA386D9FCB9}.Release|Any CPU.ActiveCfg = Release|Any CPU
		{C7B0798F-7D4E-420D-AAFC-7CA386D9FCB9}.Release|Any CPU.Build.0 = Release|Any CPU
		{A5F9EE26-EB55-4688-B0EA-AEF59925CBD5}.Debug|Any CPU.ActiveCfg = Debug|Any CPU
		{A5F9EE26-EB55-4688-B0EA-AEF59925CBD5}.Debug|Any CPU.Build.0 = Debug|Any CPU
		{A5F9EE26-EB55-4688-B0EA-AEF59925CBD5}.Release|Any CPU.ActiveCfg = Release|Any CPU
		{A5F9EE26-EB55-4688-B0EA-AEF59925CBD5}.Release|Any CPU.Build.0 = Release|Any CPU
		{6E362F1E-E6F3-40F8-9C47-73F1D47AE5D7}.Debug|Any CPU.ActiveCfg = Debug|Any CPU
		{6E362F1E-E6F3-40F8-9C47-73F1D47AE5D7}.Debug|Any CPU.Build.0 = Debug|Any CPU
		{6E362F1E-E6F3-40F8-9C47-73F1D47AE5D7}.Release|Any CPU.ActiveCfg = Release|Any CPU
		{6E362F1E-E6F3-40F8-9C47-73F1D47AE5D7}.Release|Any CPU.Build.0 = Release|Any CPU
		{E1585942-F764-41AE-A3EF-7056DE65472D}.Debug|Any CPU.ActiveCfg = Debug|Any CPU
		{E1585942-F764-41AE-A3EF-7056DE65472D}.Debug|Any CPU.Build.0 = Debug|Any CPU
		{E1585942-F764-41AE-A3EF-7056DE65472D}.Release|Any CPU.ActiveCfg = Release|Any CPU
		{E1585942-F764-41AE-A3EF-7056DE65472D}.Release|Any CPU.Build.0 = Release|Any CPU
		{32B5CB35-5105-4CA8-B3D2-4C88E9980D8F}.Debug|Any CPU.ActiveCfg = Debug|Any CPU
		{32B5CB35-5105-4CA8-B3D2-4C88E9980D8F}.Debug|Any CPU.Build.0 = Debug|Any CPU
		{32B5CB35-5105-4CA8-B3D2-4C88E9980D8F}.Release|Any CPU.ActiveCfg = Release|Any CPU
		{32B5CB35-5105-4CA8-B3D2-4C88E9980D8F}.Release|Any CPU.Build.0 = Release|Any CPU
		{7C6CCA2D-0D0A-442A-B02E-9B1E2BBC45C2}.Debug|Any CPU.ActiveCfg = Debug|Any CPU
		{7C6CCA2D-0D0A-442A-B02E-9B1E2BBC45C2}.Debug|Any CPU.Build.0 = Debug|Any CPU
		{7C6CCA2D-0D0A-442A-B02E-9B1E2BBC45C2}.Release|Any CPU.ActiveCfg = Release|Any CPU
		{7C6CCA2D-0D0A-442A-B02E-9B1E2BBC45C2}.Release|Any CPU.Build.0 = Release|Any CPU
	EndGlobalSection
	GlobalSection(SolutionProperties) = preSolution
		HideSolutionNode = FALSE
	EndGlobalSection
	GlobalSection(NestedProjects) = preSolution
		{8F765F0A-0803-415E-A274-112E2DEE00AD} = {118AAF48-1C9C-4C39-B54C-700E63A0B626}
		{E1F697C2-6873-4584-AF94-4DFF3C32009E} = {118AAF48-1C9C-4C39-B54C-700E63A0B626}
		{E0B8A2B7-32AB-47AB-8539-15C37B551395} = {118AAF48-1C9C-4C39-B54C-700E63A0B626}
		{7FE73F6A-637E-4E59-B967-8B870B987328} = {6FD64523-C33B-4058-9DD9-0A2B6D7CCE84}
		{A58BD52A-D0C3-40A9-8D23-F741B87224FF} = {6FD64523-C33B-4058-9DD9-0A2B6D7CCE84}
		{00B2D317-1AC9-4D16-98C8-BFED5C4303FC} = {A58BD52A-D0C3-40A9-8D23-F741B87224FF}
		{F889080C-F209-4985-B20E-981515159D14} = {A58BD52A-D0C3-40A9-8D23-F741B87224FF}
		{E4B33AA2-3865-4BF5-AFA4-F60CA05883E1} = {A58BD52A-D0C3-40A9-8D23-F741B87224FF}
		{D4010756-79C0-4D7B-B130-FED657A39E07} = {A58BD52A-D0C3-40A9-8D23-F741B87224FF}
		{15D8CC7A-6BC3-42E9-B272-A0698BB16535} = {7EB60A35-3E55-4E9F-A959-D5D659CC6322}
		{EEA8E4D7-E8FD-424B-B501-DDADB52683BB} = {36A663E5-1247-4659-9354-86F52BF71081}
		{80C36FFE-4DB2-4A22-B3C7-1DE98AE26E6C} = {36A663E5-1247-4659-9354-86F52BF71081}
		{A35D3332-740E-44AE-9A45-212AC93613C4} = {36A663E5-1247-4659-9354-86F52BF71081}
		{9E8B62BE-1AD6-4EBD-805F-0C7CFEC99427} = {6FD64523-C33B-4058-9DD9-0A2B6D7CCE84}
		{CDA6FD0E-1221-489E-876E-30E9D88CE184} = {9E8B62BE-1AD6-4EBD-805F-0C7CFEC99427}
		{D8A32F99-FD6B-47F2-A562-A06DA06241A0} = {9E8B62BE-1AD6-4EBD-805F-0C7CFEC99427}
		{C7A84C47-B316-473A-9972-805ADC0A1731} = {9E8B62BE-1AD6-4EBD-805F-0C7CFEC99427}
		{0D21D00B-25EF-48A4-A103-142A2E36B523} = {9E8B62BE-1AD6-4EBD-805F-0C7CFEC99427}
		{2FC40415-9503-4374-8B1F-6BE698200F8D} = {7EB60A35-3E55-4E9F-A959-D5D659CC6322}
		{C7B0798F-7D4E-420D-AAFC-7CA386D9FCB9} = {BB1B574A-CCE7-49D7-9BF5-352E241FF6A2}
		{A5F9EE26-EB55-4688-B0EA-AEF59925CBD5} = {BB1B574A-CCE7-49D7-9BF5-352E241FF6A2}
		{6E362F1E-E6F3-40F8-9C47-73F1D47AE5D7} = {0B86CBE0-3DAC-4676-ADF3-82BD9C8D998F}
		{E1585942-F764-41AE-A3EF-7056DE65472D} = {DFE4288A-A939-4301-803F-7838BA548A53}
		{32B5CB35-5105-4CA8-B3D2-4C88E9980D8F} = {0B86CBE0-3DAC-4676-ADF3-82BD9C8D998F}
		{7C6CCA2D-0D0A-442A-B02E-9B1E2BBC45C2} = {DFE4288A-A939-4301-803F-7838BA548A53}
	EndGlobalSection
	GlobalSection(ExtensibilityGlobals) = postSolution
		SolutionGuid = {77A152CC-4022-46F6-B486-B18DCB2B162A}
	EndGlobalSection
EndGlobal
